{
    "_meta": {
        "hash": {
            "sha256": "36c3d7829a38d70fb55eb8f59bd3adfc4b0477c7ca191c711003db1316aed036"
        },
        "pipfile-spec": 6,
        "requires": {
            "python_version": "3.8"
        },
        "sources": [
            {
                "name": "pypi",
                "url": "https://pypi.org/simple",
                "verify_ssl": true
            }
        ]
    },
    "default": {
        "attrs": {
            "hashes": [
                "sha256:26b54ddbbb9ee1d34d5d3668dd37d6cf74990ab23c828c2888dccdceee395594",
                "sha256:fce7fc47dfc976152e82d53ff92fa0407700c21acd20886a13777a0d20e655dc"
            ],
            "markers": "python_version >= '2.7' and python_version not in '3.0, 3.1, 3.2, 3.3'",
            "version": "==20.2.0"
        },
        "aws-cdk.assets": {
            "hashes": [
                "sha256:56e7cfe592fbc382205e80e2a03beb61c514432431dfe4c90bc0c80f4d4ff983",
                "sha256:78ff0724d73442d5ac4752fe88ba43e0647917ff8f32e648383f8b7c5d55bbab"
            ],
            "markers": "python_version >= '3.6'",
            "version": "==1.62.0"
        },
        "aws-cdk.aws-apigateway": {
            "hashes": [
                "sha256:77a949cb19be00cb6361f1e3a3814acd98fca1be883d51334cf39a292a1b0be2",
                "sha256:ecceb7c5eb6d3e9cbc619227b95caa2402082679f30b514505cf8064cb5e8218"
            ],
            "markers": "python_version >= '3.6'",
            "version": "==1.62.0"
        },
        "aws-cdk.aws-applicationautoscaling": {
            "hashes": [
                "sha256:09be7cb79bfd6aaffcce15f0348956348b055d6cac94c142a3aa1649ffe2a189",
                "sha256:0fa1aefb37236a1c5bbb18f09eceaff88090f77556b3855fbad84dbc951618d4"
            ],
            "markers": "python_version >= '3.6'",
            "version": "==1.62.0"
        },
        "aws-cdk.aws-autoscaling": {
            "hashes": [
                "sha256:deac631e5324b258e17380ef14138bf57d154a9f3b4e5de2b2dda0da17f6ba7c",
                "sha256:ed6696a6108f479236a315c2abc1d17cc0a77e71a4e9b51732490e4a48e8248b"
            ],
            "markers": "python_version >= '3.6'",
            "version": "==1.62.0"
        },
        "aws-cdk.aws-autoscaling-common": {
            "hashes": [
                "sha256:2a04a5106dfa272f316a452edddc3b40fa41e19c96d29f484e4186954e75d7af",
                "sha256:5daabdee95f9d7aa4d8f8ec4df7336df82c818c72f0f399503b8ab2860575b04"
            ],
            "markers": "python_version >= '3.6'",
            "version": "==1.62.0"
        },
        "aws-cdk.aws-autoscaling-hooktargets": {
            "hashes": [
                "sha256:1350f6e70655616bbd14745d14374f815a8adae6ad2cb33fb1e32b6d7a1174ba",
                "sha256:593967166848acc73c7a17097fe0f8447bd0b5ce35a980511034085e3cd70fa7"
            ],
            "markers": "python_version >= '3.6'",
            "version": "==1.62.0"
        },
        "aws-cdk.aws-certificatemanager": {
            "hashes": [
                "sha256:a619e90d26402e389bea06dd77582c4b021c39ebcf900b0ab970a43612a96288",
                "sha256:e496d030bcb06b4192de36a25c49d0f11c75a2919d8c2ce6fe2e50621ec1b0d2"
            ],
            "markers": "python_version >= '3.6'",
            "version": "==1.62.0"
        },
        "aws-cdk.aws-cloudformation": {
            "hashes": [
                "sha256:3889dd67279ebe8d91ad193d36bed0b9577038f2965b48c2b1575d8cee959993",
                "sha256:6d23a519c0562cbd92c402e0d4f0244dd48bfbe7354b757e6787917405615b19"
            ],
            "markers": "python_version >= '3.6'",
            "version": "==1.62.0"
        },
        "aws-cdk.aws-cloudfront": {
            "hashes": [
                "sha256:5ab3a3dbd93a3bd50469aa0623bab38bf4cc9f6a4f2ebdc77112e1d455d8b5be",
                "sha256:9e90b72fed55c5eb60fdcb93c15e1c0e756aee817cfe1d039fca7a2460a741a2"
            ],
            "markers": "python_version >= '3.6'",
            "version": "==1.62.0"
        },
        "aws-cdk.aws-cloudwatch": {
            "hashes": [
                "sha256:00842ee0fe9e23861cd61021923f51f3bb39ab8b6f33ccabdcbdc70fa80c8ddd",
                "sha256:f215eb00c3a8a0c893c12f2b4e52bba6d18bec1e923bd10460ed9be83f84de79"
            ],
            "markers": "python_version >= '3.6'",
            "version": "==1.62.0"
        },
        "aws-cdk.aws-codeguruprofiler": {
            "hashes": [
                "sha256:5b192146338013c15c632c6170b87d1bc6d59e4dba2f7bca043a91002b3f7f70",
                "sha256:e982123620c515c44f2d8de9a04487d0e69ed4edecf3b8cc9175edc25b3ca7dd"
            ],
            "markers": "python_version >= '3.6'",
            "version": "==1.62.0"
        },
        "aws-cdk.aws-cognito": {
            "hashes": [
                "sha256:91c5b933b413326a0172cabf0a1201151118f1f07d588999f8bf720479f4338f",
                "sha256:c7ee1484532b7511d7de5e1ead3753033cde5641cb941413fb470b2d9554d7ef"
            ],
            "markers": "python_version >= '3.6'",
            "version": "==1.62.0"
        },
        "aws-cdk.aws-ec2": {
            "hashes": [
                "sha256:803d033f8eda3c74f687e32c669598659dbb8979b371af66312aad1b5bb145fc",
                "sha256:ffe497495606c75fcf65c6ef0e999cfdef956934edfbab04c785388ed9abf3c9"
            ],
            "index": "pypi",
            "version": "==1.62.0"
        },
        "aws-cdk.aws-ecr": {
            "hashes": [
                "sha256:33409f17ef5b0428b52a7f80c37c75de5d03a86868b2dcc27c74ec51405871b9",
                "sha256:ecf5cf5b2e677543eb7c7b8d303a81461ce9d45a6941a276e9020036492a0192"
            ],
            "markers": "python_version >= '3.6'",
            "version": "==1.62.0"
        },
        "aws-cdk.aws-ecr-assets": {
            "hashes": [
                "sha256:94bd2cf6b7c1f7b3dd240610af0b41b1665025e80b52ae43ae30eba2ab947bfc",
                "sha256:fc010fda3662d973c9f0bfd0e6b598fcf30d8fa67ed5d8f636fb82b04aa17123"
            ],
            "markers": "python_version >= '3.6'",
            "version": "==1.62.0"
        },
        "aws-cdk.aws-ecs": {
            "hashes": [
                "sha256:21d35c1a853b8ab50a4800654c9f37000bac6977cb1f6e4459f50b3be6ac6c38",
                "sha256:f7f70722bc4e8655712516c4873af0c5b5d96c39dcbab476bdb792042d5a4483"
            ],
            "index": "pypi",
            "version": "==1.62.0"
        },
        "aws-cdk.aws-efs": {
            "hashes": [
                "sha256:7cfefdcebfaee89f0a4ffa2bbf697857d98d895f78434e131c96bb753e2a1d5b",
                "sha256:efb939e40dbd4173e79c325dad31ed176d45bbe069bb02a0f9dbe97570938866"
            ],
            "markers": "python_version >= '3.6'",
            "version": "==1.62.0"
        },
        "aws-cdk.aws-elasticloadbalancing": {
            "hashes": [
                "sha256:1dd8ef00cd1a5fc2122c9ac76a544212d53561a5ba40ed09046975fb0cce23d5",
                "sha256:62a7c5b964bfd971636139d215c32881fee87429f5b2318aac33d448023c5045"
            ],
            "markers": "python_version >= '3.6'",
            "version": "==1.62.0"
        },
        "aws-cdk.aws-elasticloadbalancingv2": {
            "hashes": [
                "sha256:6a9fa8a5676b6728954a863ea5c20c670a6cfab58e78dad35696c2325e014cdd",
                "sha256:debbe61682d7174c85f3d8786b44764cd70971ad1da4729b9db99d160537ef1c"
            ],
            "index": "pypi",
            "version": "==1.62.0"
        },
        "aws-cdk.aws-events": {
            "hashes": [
                "sha256:63b8751255b81ac3afe4475a85a062d0681e23ea271a9de3fd500611b9a49d0f",
                "sha256:ce2e9c0ed7b0093f1158efe54ecb30c8dc25d60923a669126a01370cd2be87ea"
            ],
            "markers": "python_version >= '3.6'",
            "version": "==1.62.0"
        },
        "aws-cdk.aws-iam": {
            "hashes": [
                "sha256:0c1056112a311b1f2bd899b21b7af683d58ae23a8cebf1e6e35499672e25cc96",
                "sha256:4f328bd6a80ec637d3c3bc14fdc579b98e1465536211505cccaa8e2517371508"
            ],
            "markers": "python_version >= '3.6'",
            "version": "==1.62.0"
        },
        "aws-cdk.aws-kms": {
            "hashes": [
                "sha256:6853c87f486a181fad99375c0951b9943be72a0c924d0679222142171f987b78",
                "sha256:902f2f44913a6a1543a2322f570cb53556a18e532500e3b3565029123bb39660"
            ],
            "markers": "python_version >= '3.6'",
            "version": "==1.62.0"
        },
        "aws-cdk.aws-lambda": {
            "hashes": [
                "sha256:1815c95bd016b676e4435f87fc20e0a7fa3aec9bc2035582f7288486bdd0edf4",
                "sha256:3828ebb1f98e134384eda2b8b96dc6bac317629c0f9596631ac5b970ac9ddb2b"
            ],
            "markers": "python_version >= '3.6'",
            "version": "==1.62.0"
        },
        "aws-cdk.aws-logs": {
            "hashes": [
                "sha256:cd56ea3969e783bbc5801a31164f640ba65fbeb510c2e5d952f98d39fee16da6",
                "sha256:d0de1b57f21d8f59ca500e926eab85aacd9c75762a6af515edb88dacdeb9f30e"
            ],
            "markers": "python_version >= '3.6'",
            "version": "==1.62.0"
        },
        "aws-cdk.aws-rds": {
            "hashes": [
                "sha256:89cb59d29fe675367f4d3621ba4dfdb0c095213bb57d4cc8c54579bcefb9d256",
                "sha256:afcc4af4a07286d0644368c8b5f109913024d099fb1389d8c4493c1731ced8c6"
            ],
            "index": "pypi",
            "version": "==1.62.0"
        },
        "aws-cdk.aws-route53": {
            "hashes": [
                "sha256:33b4a41a0e6bc0c282e33d3a487ed5f2faf19bd1832f830dd125014426ce0737",
                "sha256:708f6eda1669d493f27efc969dd59eaae2a4fdccdae0f6865a6086a2117fa8cf"
            ],
            "markers": "python_version >= '3.6'",
            "version": "==1.62.0"
        },
        "aws-cdk.aws-route53-targets": {
            "hashes": [
                "sha256:0d7704649484f0d7e120de571b7d59e6cc94582f9f93b821ac3945e2baa98b01",
                "sha256:9ddaea5e91e96fca5723b7982f4697de0cb892ff7cb030b375ada39980c783b3"
            ],
            "markers": "python_version >= '3.6'",
            "version": "==1.62.0"
        },
        "aws-cdk.aws-s3": {
            "hashes": [
                "sha256:beb0ea405928345d20b8e14a774e571bb6fccae9d8850d209e781d0546720721",
                "sha256:d0207140f28370aecbe9cf0a1d8fde2755037039ce9f2608831384e1468fab53"
            ],
            "markers": "python_version >= '3.6'",
            "version": "==1.62.0"
        },
        "aws-cdk.aws-s3-assets": {
            "hashes": [
                "sha256:409eb0776c9dbd2a01cb486cc17539f3eb97df0a6758952b02da409fd4fff5f9",
                "sha256:d5e607c286a55b93ff13b016740796e4d5bb2a48591fae71b9762a9b6961ee03"
            ],
            "markers": "python_version >= '3.6'",
            "version": "==1.62.0"
        },
        "aws-cdk.aws-sam": {
            "hashes": [
                "sha256:b9ee90e3d7af9f7b369ce48b8001601be1eac009914af4d922ee1b92a4b86171",
                "sha256:f6585fa3733f0a77bd2814780d62f7f2e8bf38e33a354ad7cd87459a2c169ac4"
            ],
            "markers": "python_version >= '3.6'",
            "version": "==1.62.0"
        },
        "aws-cdk.aws-secretsmanager": {
            "hashes": [
                "sha256:98cc704aa6e6642a6113285dbbbfccadc56d4787baf4a8f449d1c1e271ea6d47",
                "sha256:ba8faf08afdf0d24ab98a479ba376dd7f0c9d6de8d73f90c75f24169be7bc56f"
            ],
            "markers": "python_version >= '3.6'",
            "version": "==1.62.0"
        },
        "aws-cdk.aws-servicediscovery": {
            "hashes": [
                "sha256:33f27357d4557f73c192e65ab8f93c0a2e77a5ca9513ee1fd33e151ef6b2c3b1",
                "sha256:609f7f164a56d0a9b19a980adfc6f089f30e6568be2759236884822a4ce9ddf1"
            ],
            "markers": "python_version >= '3.6'",
            "version": "==1.62.0"
        },
        "aws-cdk.aws-sns": {
            "hashes": [
                "sha256:3b72a894b30fcf847918fb829db28312c9083f201db214085f942b1dcfe17d3a",
                "sha256:4bf9c422731b3c79725e0be221671ef86373d71d6d6a877bf1bf7688807c822c"
            ],
            "markers": "python_version >= '3.6'",
            "version": "==1.62.0"
        },
        "aws-cdk.aws-sns-subscriptions": {
            "hashes": [
                "sha256:0f35ecbc75482223acfd834b2a45c2fef8343e5dd7258e9a1ac3dea2fe4ff4bb",
                "sha256:6842a9d82a0fee1bfe0a51040f9031560cbd4fc02ecaff2f3eb5d5ba795a9929"
            ],
            "markers": "python_version >= '3.6'",
            "version": "==1.62.0"
        },
        "aws-cdk.aws-sqs": {
            "hashes": [
                "sha256:3dd0c1ecbc8330b4fbdee63f1518c81c7367c8776b233238830748af0fb7e7f4",
                "sha256:6ec5269490ad988722767aa19fa67481cef9b4dd173381dbc729b28d885755f8"
            ],
            "markers": "python_version >= '3.6'",
            "version": "==1.62.0"
        },
        "aws-cdk.aws-ssm": {
            "hashes": [
                "sha256:24dc6c14bf6fc03eef3c6f0045b58543addb958a2f6eb41e77e3bccd6575b31e",
                "sha256:441a58d83d28912ee0409a8cafe2071e35c32b3b54ca7d78af43abe6c75de6ba"
            ],
            "markers": "python_version >= '3.6'",
            "version": "==1.62.0"
        },
        "aws-cdk.cloud-assembly-schema": {
            "hashes": [
                "sha256:c660f33cc2ae43276dcbb9d5f57be5cb024b32f5f5fc05dfcd9b405251e4a5e9",
                "sha256:c8c5dadac8211e9b0adde43bb51a0bd07ab747d7a379f968d3dbe78690a3a934"
            ],
            "markers": "python_version >= '3.6'",
            "version": "==1.62.0"
        },
        "aws-cdk.core": {
            "hashes": [
                "sha256:8859ba48fecfa8fc1d8598fa5f846209383adbaaf1fd4dea15cc415bae9cc3ca",
                "sha256:f5709adabb80e324facdd7472a7791bc26d663a007f388538cb2ce77e69a8d56"
            ],
            "index": "pypi",
            "version": "==1.62.0"
        },
        "aws-cdk.custom-resources": {
            "hashes": [
                "sha256:29b56a78e14e4d08d97198a698e4f07c6fb23535a17942d7f70372f1c44246be",
                "sha256:70c5018332d657ca4759ef2f2014a2e63072d17d54e4d35b8cc166a968b75dea"
            ],
            "markers": "python_version >= '3.6'",
            "version": "==1.62.0"
        },
        "aws-cdk.cx-api": {
            "hashes": [
                "sha256:0d4e948644f80ce42d4a2c25997f4d490818acecb60fa3f111e38fef9c400f22",
                "sha256:89e19d9068abe87e98ea9dfeeb9563b8a7f80030353e1d3a9437eba841fda2b1"
            ],
            "markers": "python_version >= '3.6'",
            "version": "==1.62.0"
        },
        "aws-cdk.region-info": {
            "hashes": [
                "sha256:a9aeff4ecfd907d8c21ac4f5e743b92e5338beae84a0d0008e63af71b5332e79",
                "sha256:f9949e5aa62f8e5b9f085e50224eca08f0c211bbd1276ebe0cb6761bdd7ec15e"
            ],
            "markers": "python_version >= '3.6'",
            "version": "==1.62.0"
        },
        "cattrs": {
            "hashes": [
                "sha256:616972ae3dfa6e623a40ad3cb845420e64942989152774ab055e5c2b2f89f997",
                "sha256:b7ab5cf8ad127c42eefd01410c1c6e28569a45a255ea80ed968511873c433c7a"
            ],
            "version": "==1.0.0"
        },
        "constructs": {
            "hashes": [
                "sha256:9740f25c67d19f3c710c85f298ebfd1d109f9fd54d0ec0b869a87b4c1554da3e",
                "sha256:edb1a78e8780f24046f8945a6f0101406f5b2106f9d93d833e61ca34dc8b980d"
            ],
            "markers": "python_version >= '3.6'",
            "version": "==3.0.4"
        },
        "jsii": {
            "hashes": [
                "sha256:27ecf9167ba37635549f5779c14a63a14d38fcc467b0eaa319e8fceab69202d7",
                "sha256:d17f93e41e938633a4a906511bfa514f70c24e0aa31155adf1dc25ac2a77076a"
            ],
            "markers": "python_version >= '3.6'",
            "version": "==1.12.0"
        },
        "publication": {
            "hashes": [
                "sha256:0248885351febc11d8a1098d5c8e3ab2dabcf3e8c0c96db1e17ecd12b53afbe6",
                "sha256:68416a0de76dddcdd2930d1c8ef853a743cc96c82416c4e4d3b5d901c6276dc4"
            ],
            "version": "==0.0.3"
        },
        "python-dateutil": {
            "hashes": [
                "sha256:73ebfe9dbf22e832286dafa60473e4cd239f8592f699aa5adaf10050e6e1823c",
                "sha256:75bb3f31ea686f1197762692a9ee6a7550b59fc6ca3a1f4b5d7e32fb98e2da2a"
            ],
            "markers": "python_version >= '2.7' and python_version not in '3.0, 3.1, 3.2, 3.3'",
            "version": "==2.8.1"
        },
        "six": {
            "hashes": [
                "sha256:30639c035cdb23534cd4aa2dd52c3bf48f06e5f4a941509c8bafd8ce11080259",
                "sha256:8b74bedcbbbaca38ff6d7491d76f2b06b3592611af620f8426e82dddb04a5ced"
            ],
            "markers": "python_version >= '2.7' and python_version not in '3.0, 3.1, 3.2, 3.3'",
            "version": "==1.15.0"
        },
        "typing-extensions": {
            "hashes": [
                "sha256:7cb407020f00f7bfc3cb3e7881628838e69d8f3fcab2f64742a5e76b2f841918",
                "sha256:99d4073b617d30288f569d3f13d2bd7548c3a7e4c8de87db09a9d29bb3a4a60c",
                "sha256:dafc7639cde7f1b6e1acc0f457842a83e722ccca8eef5270af2d74792619a89f"
            ],
            "version": "==3.7.4.3"
        }
    },
    "develop": {
        "appdirs": {
            "hashes": [
                "sha256:7d5d0167b2b1ba821647616af46a749d1c653740dd0d2415100fe26e27afdf41",
                "sha256:a841dacd6b99318a741b166adb07e19ee71a274450e68237b4650ca1055ab128"
            ],
            "version": "==1.4.4"
        },
        "black": {
            "hashes": [
                "sha256:1c02557aa099101b9d21496f8a914e9ed2222ef70336404eeeac8edba836fbea",
                "sha256:70b62ef1527c950db59062cda342ea224d772abdf6adc58b86a45421bab20a6b"
            ],
            "index": "pypi",
            "version": "==20.8b1"
        },
        "click": {
            "hashes": [
                "sha256:d2b5255c7c6349bc1bd1e59e08cd12acbbd63ce649f2588755783aa94dfb6b1a",
                "sha256:dacca89f4bfadd5de3d7489b7c8a566eee0d3676333fbb50030263894c38c0dc"
            ],
            "markers": "python_version >= '2.7' and python_version not in '3.0, 3.1, 3.2, 3.3, 3.4'",
            "version": "==7.1.2"
        },
        "mypy-extensions": {
            "hashes": [
                "sha256:090fedd75945a69ae91ce1303b5824f428daf5a028d2f6ab8a299250a846f15d",
                "sha256:2d82818f5bb3e369420cb3c4060a7970edba416647068eb4c5343488a6c604a8"
            ],
            "version": "==0.4.3"
        },
        "pathspec": {
            "hashes": [
                "sha256:7d91249d21749788d07a2d0f94147accd8f845507400749ea19c1ec9054a12b0",
                "sha256:da45173eb3a6f2a5a487efba21f050af2b41948be6ab52b6a1e3ff22bb8b7061"
            ],
            "version": "==0.8.0"
        },
        "regex": {
            "hashes": [
                "sha256:0dc64ee3f33cd7899f79a8d788abfbec168410be356ed9bd30bbd3f0a23a7204",
                "sha256:1269fef3167bb52631ad4fa7dd27bf635d5a0790b8e6222065d42e91bede4162",
                "sha256:14a53646369157baa0499513f96091eb70382eb50b2c82393d17d7ec81b7b85f",
                "sha256:3a3af27a8d23143c49a3420efe5b3f8cf1a48c6fc8bc6856b03f638abc1833bb",
                "sha256:46bac5ca10fb748d6c55843a931855e2727a7a22584f302dd9bb1506e69f83f6",
                "sha256:4c037fd14c5f4e308b8370b447b469ca10e69427966527edcab07f52d88388f7",
                "sha256:51178c738d559a2d1071ce0b0f56e57eb315bcf8f7d4cf127674b533e3101f88",
                "sha256:5ea81ea3dbd6767873c611687141ec7b06ed8bab43f68fad5b7be184a920dc99",
                "sha256:6961548bba529cac7c07af2fd4d527c5b91bb8fe18995fed6044ac22b3d14644",
                "sha256:75aaa27aa521a182824d89e5ab0a1d16ca207318a6b65042b046053cfc8ed07a",
                "sha256:7a2dd66d2d4df34fa82c9dc85657c5e019b87932019947faece7983f2089a840",
                "sha256:8a51f2c6d1f884e98846a0a9021ff6861bdb98457879f412fdc2b42d14494067",
                "sha256:9c568495e35599625f7b999774e29e8d6b01a6fb684d77dee1f56d41b11b40cd",
                "sha256:9eddaafb3c48e0900690c1727fba226c4804b8e6127ea409689c3bb492d06de4",
                "sha256:bbb332d45b32df41200380fff14712cb6093b61bd142272a10b16778c418e98e",
                "sha256:bc3d98f621898b4a9bc7fecc00513eec8f40b5b83913d74ccb445f037d58cd89",
                "sha256:c11d6033115dc4887c456565303f540c44197f4fc1a2bfb192224a301534888e",
                "sha256:c50a724d136ec10d920661f1442e4a8b010a4fe5aebd65e0c2241ea41dbe93dc",
                "sha256:d0a5095d52b90ff38592bbdc2644f17c6d495762edf47d876049cfd2968fbccf",
                "sha256:d6cff2276e502b86a25fd10c2a96973fdb45c7a977dca2138d661417f3728341",
                "sha256:e46d13f38cfcbb79bfdb2964b0fe12561fe633caf964a77a5f8d4e45fe5d2ef7"
            ],
            "version": "==2020.7.14"
        },
        "toml": {
            "hashes": [
                "sha256:926b612be1e5ce0634a2ca03470f95169cf16f939018233a670519cb4ac58b0f",
                "sha256:bda89d5935c2eac546d648028b9901107a595863cb36bae0c73ac804a9b4ce88"
            ],
            "version": "==0.10.1"
        },
        "typed-ast": {
            "hashes": [
                "sha256:0666aa36131496aed8f7be0410ff974562ab7eeac11ef351def9ea6fa28f6355",
                "sha256:0c2c07682d61a629b68433afb159376e24e5b2fd4641d35424e462169c0a7919",
                "sha256:249862707802d40f7f29f6e1aad8d84b5aa9e44552d2cc17384b209f091276aa",
                "sha256:24995c843eb0ad11a4527b026b4dde3da70e1f2d8806c99b7b4a7cf491612652",
                "sha256:269151951236b0f9a6f04015a9004084a5ab0d5f19b57de779f908621e7d8b75",
                "sha256:4083861b0aa07990b619bd7ddc365eb7fa4b817e99cf5f8d9cf21a42780f6e01",
                "sha256:498b0f36cc7054c1fead3d7fc59d2150f4d5c6c56ba7fb150c013fbc683a8d2d",
                "sha256:4e3e5da80ccbebfff202a67bf900d081906c358ccc3d5e3c8aea42fdfdfd51c1",
                "sha256:6daac9731f172c2a22ade6ed0c00197ee7cc1221aa84cfdf9c31defeb059a907",
                "sha256:715ff2f2df46121071622063fc7543d9b1fd19ebfc4f5c8895af64a77a8c852c",
                "sha256:73d785a950fc82dd2a25897d525d003f6378d1cb23ab305578394694202a58c3",
                "sha256:8c8aaad94455178e3187ab22c8b01a3837f8ee50e09cf31f1ba129eb293ec30b",
                "sha256:8ce678dbaf790dbdb3eba24056d5364fb45944f33553dd5869b7580cdbb83614",
                "sha256:aaee9905aee35ba5905cfb3c62f3e83b3bec7b39413f0a7f19be4e547ea01ebb",
                "sha256:bcd3b13b56ea479b3650b82cabd6b5343a625b0ced5429e4ccad28a8973f301b",
                "sha256:c9e348e02e4d2b4a8b2eedb48210430658df6951fa484e59de33ff773fbd4b41",
                "sha256:d205b1b46085271b4e15f670058ce182bd1199e56b317bf2ec004b6a44f911f6",
                "sha256:d43943ef777f9a1c42bf4e552ba23ac77a6351de620aa9acf64ad54933ad4d34",
                "sha256:d5d33e9e7af3b34a40dc05f498939f0ebf187f07c385fd58d591c533ad8562fe",
                "sha256:fc0fea399acb12edbf8a628ba8d2312f583bdbdb3335635db062fa98cf71fca4",
                "sha256:fe460b922ec15dd205595c9b5b99e2f056fd98ae8f9f56b888e7a17dc2b757e7"
            ],
            "version": "==1.4.1"
        },
        "typing-extensions": {
            "hashes": [
                "sha256:7cb407020f00f7bfc3cb3e7881628838e69d8f3fcab2f64742a5e76b2f841918",
                "sha256:99d4073b617d30288f569d3f13d2bd7548c3a7e4c8de87db09a9d29bb3a4a60c",
                "sha256:dafc7639cde7f1b6e1acc0f457842a83e722ccca8eef5270af2d74792619a89f"
            ],
            "version": "==3.7.4.3"
        }
    }
}
